
Microsoft Visual Studio Solution File, Format Version 12.00
# Visual Studio Version 16
VisualStudioVersion = 16.0.30204.135
MinimumVisualStudioVersion = 10.0.40219.1
Project("{9A19103F-16F7-4668-BE54-9A1E7A4F7556}") = "ExxoAvalonOrigins", "ExxoAvalonOrigins.csproj", "{859C4937-0C26-47D1-8A15-404EF44608B5}"
EndProject
Global
	GlobalSection(SolutionConfigurationPlatforms) = preSolution
		Debug|Any CPU = Debug|Any CPU
		Release|Any CPU = Release|Any CPU
	EndGlobalSection
	GlobalSection(ProjectConfigurationPlatforms) = postSolution
		{859C4937-0C26-47D1-8A15-404EF44608B5}.Debug|Any CPU.ActiveCfg = Debug|Any CPU
		{859C4937-0C26-47D1-8A15-404EF44608B5}.Debug|Any CPU.Build.0 = Debug|Any CPU
		{859C4937-0C26-47D1-8A15-404EF44608B5}.Release|Any CPU.ActiveCfg = Release|Any CPU
		{859C4937-0C26-47D1-8A15-404EF44608B5}.Release|Any CPU.Build.0 = Release|Any CPU
	EndGlobalSection
	GlobalSection(SolutionProperties) = preSolution
		HideSolutionNode = FALSE
	EndGlobalSection
	GlobalSection(ExtensibilityGlobals) = postSolution
		SolutionGuid = {77FC4454-6B9F-43D7-8F71-C91A00A4F447}
	EndGlobalSection
EndGlobal
